
Microsoft Visual Studio Solution File, Format Version 12.00
# Visual Studio Version 16
VisualStudioVersion = 16.0.29102.190
MinimumVisualStudioVersion = 10.0.40219.1
Project("{9A19103F-16F7-4668-BE54-9A1E7A4F7556}") = "Newteq.Extensions.IServiceCollection", "src\Newteq.Extensions.IServiceCollection\Newteq.Extensions.IServiceCollection.csproj", "{A18AFFC0-9409-463B-9A71-7713EEE2D5CD}"
EndProject
Project("{FAE04EC0-301F-11D3-BF4B-00C04F79EFBC}") = "Newteq.Extensions.String", "src\Newteq.Extensions.String\Newteq.Extensions.String.csproj", "{43E57C40-F6E5-4B3D-9DEE-96B7C90F3F97}"
EndProject
Global
	GlobalSection(SolutionConfigurationPlatforms) = preSolution
		Debug|Any CPU = Debug|Any CPU
		Release|Any CPU = Release|Any CPU
	EndGlobalSection
	GlobalSection(ProjectConfigurationPlatforms) = postSolution
		{A18AFFC0-9409-463B-9A71-7713EEE2D5CD}.Debug|Any CPU.ActiveCfg = Debug|Any CPU
		{A18AFFC0-9409-463B-9A71-7713EEE2D5CD}.Debug|Any CPU.Build.0 = Debug|Any CPU
		{A18AFFC0-9409-463B-9A71-7713EEE2D5CD}.Release|Any CPU.ActiveCfg = Release|Any CPU
		{A18AFFC0-9409-463B-9A71-7713EEE2D5CD}.Release|Any CPU.Build.0 = Release|Any CPU
		{43E57C40-F6E5-4B3D-9DEE-96B7C90F3F97}.Debug|Any CPU.ActiveCfg = Debug|Any CPU
		{43E57C40-F6E5-4B3D-9DEE-96B7C90F3F97}.Debug|Any CPU.Build.0 = Debug|Any CPU
		{43E57C40-F6E5-4B3D-9DEE-96B7C90F3F97}.Release|Any CPU.ActiveCfg = Release|Any CPU
		{43E57C40-F6E5-4B3D-9DEE-96B7C90F3F97}.Release|Any CPU.Build.0 = Release|Any CPU
	EndGlobalSection
	GlobalSection(SolutionProperties) = preSolution
		HideSolutionNode = FALSE
	EndGlobalSection
	GlobalSection(ExtensibilityGlobals) = postSolution
		SolutionGuid = {4F677FE9-A922-412D-96EF-0DC0163754B4}
	EndGlobalSection
EndGlobal
